// !$*UTF8*$!
{
	archiveVersion = 1;
	classes = {
	};
	objectVersion = 46;
	objects = {

/* Begin PBXBuildFile section */
		8703DDDA1F42B69500F96AB3 /* AppDelegate.swift in Sources */ = {isa = PBXBuildFile; fileRef = 8703DDD91F42B69500F96AB3 /* AppDelegate.swift */; };
		8703DDDD1F42B69500F96AB3 /* MovieQuotesCoreData.xcdatamodeld in Sources */ = {isa = PBXBuildFile; fileRef = 8703DDDB1F42B69500F96AB3 /* MovieQuotesCoreData.xcdatamodeld */; };
		8703DDDF1F42B69500F96AB3 /* MasterViewController.swift in Sources */ = {isa = PBXBuildFile; fileRef = 8703DDDE1F42B69500F96AB3 /* MasterViewController.swift */; };
		8703DDE11F42B69500F96AB3 /* DetailViewController.swift in Sources */ = {isa = PBXBuildFile; fileRef = 8703DDE01F42B69500F96AB3 /* DetailViewController.swift */; };
		8703DDE41F42B69500F96AB3 /* Main.storyboard in Resources */ = {isa = PBXBuildFile; fileRef = 8703DDE21F42B69500F96AB3 /* Main.storyboard */; };
		8703DDE61F42B69500F96AB3 /* Assets.xcassets in Resources */ = {isa = PBXBuildFile; fileRef = 8703DDE51F42B69500F96AB3 /* Assets.xcassets */; };
		8703DDE91F42B69500F96AB3 /* LaunchScreen.storyboard in Resources */ = {isa = PBXBuildFile; fileRef = 8703DDE71F42B69500F96AB3 /* LaunchScreen.storyboard */; };
/* End PBXBuildFile section */

/* Begin PBXFileReference section */
		8703DDD61F42B69500F96AB3 /* MovieQuotesCoreData.app */ = {isa = PBXFileReference; explicitFileType = wrapper.application; includeInIndex = 0; path = MovieQuotesCoreData.app; sourceTree = BUILT_PRODUCTS_DIR; };
		8703DDD91F42B69500F96AB3 /* AppDelegate.swift */ = {isa = PBXFileReference; lastKnownFileType = sourcecode.swift; path = AppDelegate.swift; sourceTree = "<group>"; };
		8703DDDC1F42B69500F96AB3 /* MovieQuotesCoreData.xcdatamodel */ = {isa = PBXFileReference; lastKnownFileType = wrapper.xcdatamodel; path = MovieQuotesCoreData.xcdatamodel; sourceTree = "<group>"; };
		8703DDDE1F42B69500F96AB3 /* MasterViewController.swift */ = {isa = PBXFileReference; lastKnownFileType = sourcecode.swift; path = MasterViewController.swift; sourceTree = "<group>"; };
		8703DDE01F42B69500F96AB3 /* DetailViewController.swift */ = {isa = PBXFileReference; lastKnownFileType = sourcecode.swift; path = DetailViewController.swift; sourceTree = "<group>"; };
		8703DDE31F42B69500F96AB3 /* Base */ = {isa = PBXFileReference; lastKnownFileType = file.storyboard; name = Base; path = Base.lproj/Main.storyboard; sourceTree = "<group>"; };
		8703DDE51F42B69500F96AB3 /* Assets.xcassets */ = {isa = PBXFileReference; lastKnownFileType = folder.assetcatalog; path = Assets.xcassets; sourceTree = "<group>"; };
		8703DDE81F42B69500F96AB3 /* Base */ = {isa = PBXFileReference; lastKnownFileType = file.storyboard; name = Base; path = Base.lproj/LaunchScreen.storyboard; sourceTree = "<group>"; };
		8703DDEA1F42B69600F96AB3 /* Info.plist */ = {isa = PBXFileReference; lastKnownFileType = text.plist.xml; path = Info.plist; sourceTree = "<group>"; };
/* End PBXFileReference section */

/* Begin PBXFrameworksBuildPhase section */
		8703DDD31F42B69500F96AB3 /* Frameworks */ = {
			isa = PBXFrameworksBuildPhase;
			buildActionMask = 2147483647;
			files = (
			);
			runOnlyForDeploymentPostprocessing = 0;
		};
/* End PBXFrameworksBuildPhase section */

/* Begin PBXGroup section */
		8703DDCD1F42B69500F96AB3 = {
			isa = PBXGroup;
			children = (
				8703DDD81F42B69500F96AB3 /* MovieQuotesCoreData */,
				8703DDD71F42B69500F96AB3 /* Products */,
			);
			sourceTree = "<group>";
		};
		8703DDD71F42B69500F96AB3 /* Products */ = {
			isa = PBXGroup;
			children = (
				8703DDD61F42B69500F96AB3 /* MovieQuotesCoreData.app */,
			);
			name = Products;
			sourceTree = "<group>";
		};
		8703DDD81F42B69500F96AB3 /* MovieQuotesCoreData */ = {
			isa = PBXGroup;
			children = (
				8703DDD91F42B69500F96AB3 /* AppDelegate.swift */,
				8703DDDE1F42B69500F96AB3 /* MasterViewController.swift */,
				8703DDE01F42B69500F96AB3 /* DetailViewController.swift */,
				8703DDE21F42B69500F96AB3 /* Main.storyboard */,
				8703DDE51F42B69500F96AB3 /* Assets.xcassets */,
				8703DDE71F42B69500F96AB3 /* LaunchScreen.storyboard */,
				8703DDEA1F42B69600F96AB3 /* Info.plist */,
				8703DDDB1F42B69500F96AB3 /* MovieQuotesCoreData.xcdatamodeld */,
			);
			path = MovieQuotesCoreData;
			sourceTree = "<group>";
		};
/* End PBXGroup section */

/* Begin PBXNativeTarget section */
		8703DDD51F42B69500F96AB3 /* MovieQuotesCoreData */ = {
			isa = PBXNativeTarget;
			buildConfigurationList = 8703DDED1F42B69600F96AB3 /* Build configuration list for PBXNativeTarget "MovieQuotesCoreData" */;
			buildPhases = (
				8703DDD21F42B69500F96AB3 /* Sources */,
				8703DDD31F42B69500F96AB3 /* Frameworks */,
				8703DDD41F42B69500F96AB3 /* Resources */,
			);
			buildRules = (
			);
			dependencies = (
			);
			name = MovieQuotesCoreData;
			productName = MovieQuotesCoreData;
			productReference = 8703DDD61F42B69500F96AB3 /* MovieQuotesCoreData.app */;
			productType = "com.apple.product-type.application";
		};
/* End PBXNativeTarget section */

/* Begin PBXProject section */
		8703DDCE1F42B69500F96AB3 /* Project object */ = {
			isa = PBXProject;
			attributes = {
				LastSwiftUpdateCheck = 0830;
				LastUpgradeCheck = 0830;
				ORGANIZATIONNAME = "Joseph Novosel";
				TargetAttributes = {
					8703DDD51F42B69500F96AB3 = {
						CreatedOnToolsVersion = 8.3.3;
						DevelopmentTeam = 53FT7D2NP3;
						ProvisioningStyle = Automatic;
					};
				};
			};
			buildConfigurationList = 8703DDD11F42B69500F96AB3 /* Build configuration list for PBXProject "MovieQuotesCoreData" */;
			compatibilityVersion = "Xcode 3.2";
			developmentRegion = English;
			hasScannedForEncodings = 0;
			knownRegions = (
				en,
				Base,
			);
			mainGroup = 8703DDCD1F42B69500F96AB3;
			productRefGroup = 8703DDD71F42B69500F96AB3 /* Products */;
			projectDirPath = "";
			projectRoot = "";
			targets = (
				8703DDD51F42B69500F96AB3 /* MovieQuotesCoreData */,
			);
		};
/* End PBXProject section */

/* Begin PBXResourcesBuildPhase section */
		8703DDD41F42B69500F96AB3 /* Resources */ = {
			isa = PBXResourcesBuildPhase;
			buildActionMask = 2147483647;
			files = (
				8703DDE91F42B69500F96AB3 /* LaunchScreen.storyboard in Resources */,
				8703DDE61F42B69500F96AB3 /* Assets.xcassets in Resources */,
				8703DDE41F42B69500F96AB3 /* Main.storyboard in Resources */,
			);
			runOnlyForDeploymentPostprocessing = 0;
		};
/* End PBXResourcesBuildPhase section */

/* Begin PBXSourcesBuildPhase section */
		8703DDD21F42B69500F96AB3 /* Sources */ = {
			isa = PBXSourcesBuildPhase;
			buildActionMask = 2147483647;
			files = (
				8703DDDD1F42B69500F96AB3 /* MovieQuotesCoreData.xcdatamodeld in Sources */,
				8703DDDA1F42B69500F96AB3 /* AppDelegate.swift in Sources */,
				8703DDDF1F42B69500F96AB3 /* MasterViewController.swift in Sources */,
				8703DDE11F42B69500F96AB3 /* DetailViewController.swift in Sources */,
			);
			runOnlyForDeploymentPostprocessing = 0;
		};
/* End PBXSourcesBuildPhase section */

/* Begin PBXVariantGroup section */
		8703DDE21F42B69500F96AB3 /* Main.storyboard */ = {
			isa = PBXVariantGroup;
			children = (
				8703DDE31F42B69500F96AB3 /* Base */,
			);
			name = Main.storyboard;
			sourceTree = "<group>";
		};
		8703DDE71F42B69500F96AB3 /* LaunchScreen.storyboard */ = {
			isa = PBXVariantGroup;
			children = (
				8703DDE81F42B69500F96AB3 /* Base */,
			);
			name = LaunchScreen.storyboard;
			sourceTree = "<group>";
		};
/* End PBXVariantGroup section */

/* Begin XCBuildConfiguration section */
		8703DDEB1F42B69600F96AB3 /* Debug */ = {
			isa = XCBuildConfiguration;
			buildSettings = {
				ALWAYS_SEARCH_USER_PATHS = NO;
				CLANG_ANALYZER_NONNULL = YES;
				CLANG_ANALYZER_NUMBER_OBJECT_CONVERSION = YES_AGGRESSIVE;
				CLANG_CXX_LANGUAGE_STANDARD = "gnu++0x";
				CLANG_CXX_LIBRARY = "libc++";
				CLANG_ENABLE_MODULES = YES;
				CLANG_ENABLE_OBJC_ARC = YES;
				CLANG_WARN_BOOL_CONVERSION = YES;
				CLANG_WARN_CONSTANT_CONVERSION = YES;
				CLANG_WARN_DIRECT_OBJC_ISA_USAGE = YES_ERROR;
				CLANG_WARN_DOCUMENTATION_COMMENTS = YES;
				CLANG_WARN_EMPTY_BODY = YES;
				CLANG_WARN_ENUM_CONVERSION = YES;
				CLANG_WARN_INFINITE_RECURSION = YES;
				CLANG_WARN_INT_CONVERSION = YES;
				CLANG_WARN_OBJC_ROOT_CLASS = YES_ERROR;
				CLANG_WARN_SUSPICIOUS_MOVE = YES;
				CLANG_WARN_UNREACHABLE_CODE = YES;
				CLANG_WARN__DUPLICATE_METHOD_MATCH = YES;
				"CODE_SIGN_IDENTITY[sdk=iphoneos*]" = "iPhone Developer";
				COPY_PHASE_STRIP = NO;
				DEBUG_INFORMATION_FORMAT = dwarf;
				ENABLE_STRICT_OBJC_MSGSEND = YES;
				ENABLE_TESTABILITY = YES;
				GCC_C_LANGUAGE_STANDARD = gnu99;
				GCC_DYNAMIC_NO_PIC = NO;
				GCC_NO_COMMON_BLOCKS = YES;
				GCC_OPTIMIZATION_LEVEL = 0;
				GCC_PREPROCESSOR_DEFINITIONS = (
					"DEBUG=1",
					"$(inherited)",
				);
				GCC_WARN_64_TO_32_BIT_CONVERSION = YES;
				GCC_WARN_ABOUT_RETURN_TYPE = YES_ERROR;
				GCC_WARN_UNDECLARED_SELECTOR = YES;
				GCC_WARN_UNINITIALIZED_AUTOS = YES_AGGRESSIVE;
				GCC_WARN_UNUSED_FUNCTION = YES;
				GCC_WARN_UNUSED_VARIABLE = YES;
				IPHONEOS_DEPLOYMENT_TARGET = 10.3;
				MTL_ENABLE_DEBUG_INFO = YES;
				ONLY_ACTIVE_ARCH = YES;
				SDKROOT = iphoneos;
				SWIFT_ACTIVE_COMPILATION_CONDITIONS = DEBUG;
				SWIFT_OPTIMIZATION_LEVEL = "-Onone";
				TARGETED_DEVICE_FAMILY = "1,2";
			};
			name = Debug;
		};
		8703DDEC1F42B69600F96AB3 /* Release */ = {
			isa = XCBuildConfiguration;
			buildSettings = {
				ALWAYS_SEARCH_USER_PATHS = NO;
				CLANG_ANALYZER_NONNULL = YES;
				CLANG_ANALYZER_NUMBER_OBJECT_CONVERSION = YES_AGGRESSIVE;
				CLANG_CXX_LANGUAGE_STANDARD = "gnu++0x";
				CLANG_CXX_LIBRARY = "libc++";
				CLANG_ENABLE_MODULES = YES;
				CLANG_ENABLE_OBJC_ARC = YES;
				CLANG_WARN_BOOL_CONVERSION = YES;
				CLANG_WARN_CONSTANT_CONVERSION = YES;
				CLANG_WARN_DIRECT_OBJC_ISA_USAGE = YES_ERROR;
				CLANG_WARN_DOCUMENTATION_COMMENTS = YES;
				CLANG_WARN_EMPTY_BODY = YES;
				CLANG_WARN_ENUM_CONVERSION = YES;
				CLANG_WARN_INFINITE_RECURSION = YES;
				CLANG_WARN_INT_CONVERSION = YES;
				CLANG_WARN_OBJC_ROOT_CLASS = YES_ERROR;
				CLANG_WARN_SUSPICIOUS_MOVE = YES;
				CLANG_WARN_UNREACHABLE_CODE = YES;
				CLANG_WARN__DUPLICATE_METHOD_MATCH = YES;
				"CODE_SIGN_IDENTITY[sdk=iphoneos*]" = "iPhone Developer";
				COPY_PHASE_STRIP = NO;
				DEBUG_INFORMATION_FORMAT = "dwarf-with-dsym";
				ENABLE_NS_ASSERTIONS = NO;
				ENABLE_STRICT_OBJC_MSGSEND = YES;
				GCC_C_LANGUAGE_STANDARD = gnu99;
				GCC_NO_COMMON_BLOCKS = YES;
				GCC_WARN_64_TO_32_BIT_CONVERSION = YES;
				GCC_WARN_ABOUT_RETURN_TYPE = YES_ERROR;
				GCC_WARN_UNDECLARED_SELECTOR = YES;
				GCC_WARN_UNINITIALIZED_AUTOS = YES_AGGRESSIVE;
				GCC_WARN_UNUSED_FUNCTION = YES;
				GCC_WARN_UNUSED_VARIABLE = YES;
				IPHONEOS_DEPLOYMENT_TARGET = 10.3;
				MTL_ENABLE_DEBUG_INFO = NO;
				SDKROOT = iphoneos;
				SWIFT_OPTIMIZATION_LEVEL = "-Owholemodule";
				TARGETED_DEVICE_FAMILY = "1,2";
				VALIDATE_PRODUCT = YES;
			};
			name = Release;
		};
		8703DDEE1F42B69600F96AB3 /* Debug */ = {
			isa = XCBuildConfiguration;
			buildSettings = {
				ASSETCATALOG_COMPILER_APPICON_NAME = AppIcon;
				DEVELOPMENT_TEAM = 53FT7D2NP3;
				INFOPLIST_FILE = MovieQuotesCoreData/Info.plist;
				LD_RUNPATH_SEARCH_PATHS = "$(inherited) @executable_path/Frameworks";
				PRODUCT_BUNDLE_IDENTIFIER = lets.MovieQuotesCoreData;
				PRODUCT_NAME = "$(TARGET_NAME)";
				SWIFT_VERSION = 3.0;
			};
			name = Debug;
		};
		8703DDEF1F42B69600F96AB3 /* Release */ = {
			isa = XCBuildConfiguration;
			buildSettings = {
				ASSETCATALOG_COMPILER_APPICON_NAME = AppIcon;
				DEVELOPMENT_TEAM = 53FT7D2NP3;
				INFOPLIST_FILE = MovieQuotesCoreData/Info.plist;
				LD_RUNPATH_SEARCH_PATHS = "$(inherited) @executable_path/Frameworks";
				PRODUCT_BUNDLE_IDENTIFIER = lets.MovieQuotesCoreData;
				PRODUCT_NAME = "$(TARGET_NAME)";
				SWIFT_VERSION = 3.0;
			};
			name = Release;
		};
/* End XCBuildConfiguration section */

/* Begin XCConfigurationList section */
		8703DDD11F42B69500F96AB3 /* Build configuration list for PBXProject "MovieQuotesCoreData" */ = {
			isa = XCConfigurationList;
			buildConfigurations = (
				8703DDEB1F42B69600F96AB3 /* Debug */,
				8703DDEC1F42B69600F96AB3 /* Release */,
			);
			defaultConfigurationIsVisible = 0;
			defaultConfigurationName = Release;
		};
		8703DDED1F42B69600F96AB3 /* Build configuration list for PBXNativeTarget "MovieQuotesCoreData" */ = {
			isa = XCConfigurationList;
			buildConfigurations = (
				8703DDEE1F42B69600F96AB3 /* Debug */,
				8703DDEF1F42B69600F96AB3 /* Release */,
			);
			defaultConfigurationIsVisible = 0;
		};
/* End XCConfigurationList section */

/* Begin XCVersionGroup section */
		8703DDDB1F42B69500F96AB3 /* MovieQuotesCoreData.xcdatamodeld */ = {
			isa = XCVersionGroup;
			children = (
				8703DDDC1F42B69500F96AB3 /* MovieQuotesCoreData.xcdatamodel */,
			);
			currentVersion = 8703DDDC1F42B69500F96AB3 /* MovieQuotesCoreData.xcdatamodel */;
			path = MovieQuotesCoreData.xcdatamodeld;
			sourceTree = "<group>";
			versionGroupType = wrapper.xcdatamodel;
		};
/* End XCVersionGroup section */
	};
	rootObject = 8703DDCE1F42B69500F96AB3 /* Project object */;
}
